
Microsoft Visual Studio Solution File, Format Version 12.00
# Visual Studio Version 17
VisualStudioVersion = 17.13.35806.99 d17.13
MinimumVisualStudioVersion = 10.0.40219.1
Project("{FAE04EC0-301F-11D3-BF4B-00C04F79EFBC}") = "ConsoleUI", "ConsoleUI\ConsoleUI.csproj", "{47C04089-2B5B-4F17-93AB-69F58EEFE7E1}"
EndProject
Project("{FAE04EC0-301F-11D3-BF4B-00C04F79EFBC}") = "GuestBookLibrary", "GuestBookLibrary\GuestBookLibrary.csproj", "{AB16E35B-74E3-4141-8864-65DB141E2296}"
EndProject
Global
	GlobalSection(SolutionConfigurationPlatforms) = preSolution
		Debug|Any CPU = Debug|Any CPU
		Release|Any CPU = Release|Any CPU
	EndGlobalSection
	GlobalSection(ProjectConfigurationPlatforms) = postSolution
		{47C04089-2B5B-4F17-93AB-69F58EEFE7E1}.Debug|Any CPU.ActiveCfg = Debug|Any CPU
		{47C04089-2B5B-4F17-93AB-69F58EEFE7E1}.Debug|Any CPU.Build.0 = Debug|Any CPU
		{47C04089-2B5B-4F17-93AB-69F58EEFE7E1}.Release|Any CPU.ActiveCfg = Release|Any CPU
		{47C04089-2B5B-4F17-93AB-69F58EEFE7E1}.Release|Any CPU.Build.0 = Release|Any CPU
		{AB16E35B-74E3-4141-8864-65DB141E2296}.Debug|Any CPU.ActiveCfg = Debug|Any CPU
		{AB16E35B-74E3-4141-8864-65DB141E2296}.Debug|Any CPU.Build.0 = Debug|Any CPU
		{AB16E35B-74E3-4141-8864-65DB141E2296}.Release|Any CPU.ActiveCfg = Release|Any CPU
		{AB16E35B-74E3-4141-8864-65DB141E2296}.Release|Any CPU.Build.0 = Release|Any CPU
	EndGlobalSection
	GlobalSection(SolutionProperties) = preSolution
		HideSolutionNode = FALSE
	EndGlobalSection
	GlobalSection(ExtensibilityGlobals) = postSolution
		SolutionGuid = {D22ED3B6-2A03-4753-AFD5-A35B0F1280C0}
	EndGlobalSection
EndGlobal
